// !$*UTF8*$!
{
	archiveVersion = 1;
	classes = {
	};
	objectVersion = 50;
	objects = {

/* Begin PBXBuildFile section */
		6B17BB8E24F8870A000C268D /* Game.storyboard in Resources */ = {isa = PBXBuildFile; fileRef = 6B17BB8D24F8870A000C268D /* Game.storyboard */; };
		6B17BB9024F8914B000C268D /* DifficultyPicker.storyboard in Resources */ = {isa = PBXBuildFile; fileRef = 6B17BB8F24F8914B000C268D /* DifficultyPicker.storyboard */; };
		6B17BB9224F891A4000C268D /* DifficultyPickerViewController.swift in Sources */ = {isa = PBXBuildFile; fileRef = 6B17BB9124F891A4000C268D /* DifficultyPickerViewController.swift */; };
		6B3699EA2500754000A68F94 /* String.swift in Sources */ = {isa = PBXBuildFile; fileRef = 6B3699E92500754000A68F94 /* String.swift */; };
		6B4726F424FDED7D00E4D26B /* DifficultyManager.swift in Sources */ = {isa = PBXBuildFile; fileRef = 6B4726F324FDED7D00E4D26B /* DifficultyManager.swift */; };
		6B4BED6325CD990500C746C8 /* UICollectionViewCell.swift in Sources */ = {isa = PBXBuildFile; fileRef = 6B4BED6225CD990500C746C8 /* UICollectionViewCell.swift */; };
		6B7614AB25BFA4C800CA6575 /* NSObject.swift in Sources */ = {isa = PBXBuildFile; fileRef = 6B7614AA25BFA4C800CA6575 /* NSObject.swift */; };
		6B91ACC124F19E6A003A798F /* AppDelegate.swift in Sources */ = {isa = PBXBuildFile; fileRef = 6B91ACC024F19E6A003A798F /* AppDelegate.swift */; };
		6B91ACC524F19E6A003A798F /* GameViewController.swift in Sources */ = {isa = PBXBuildFile; fileRef = 6B91ACC424F19E6A003A798F /* GameViewController.swift */; };
		6B91ACCA24F19E6A003A798F /* Assets.xcassets in Resources */ = {isa = PBXBuildFile; fileRef = 6B91ACC924F19E6A003A798F /* Assets.xcassets */; };
		6B91ACDB24F1A3E0003A798F /* UIView.swift in Sources */ = {isa = PBXBuildFile; fileRef = 6B91ACDA24F1A3E0003A798F /* UIView.swift */; };
		6B91ACDD24F1A846003A798F /* Game.swift in Sources */ = {isa = PBXBuildFile; fileRef = 6B91ACDC24F1A846003A798F /* Game.swift */; };
		6B91ACDF24F1B75B003A798F /* Board.swift in Sources */ = {isa = PBXBuildFile; fileRef = 6B91ACDE24F1B75B003A798F /* Board.swift */; };
		6B91ACE124F1B94A003A798F /* Record.swift in Sources */ = {isa = PBXBuildFile; fileRef = 6B91ACE024F1B94A003A798F /* Record.swift */; };
		6B91ACE624F1BD3F003A798F /* BoardView.swift in Sources */ = {isa = PBXBuildFile; fileRef = 6B91ACE524F1BD3F003A798F /* BoardView.swift */; };
		6B91ACE924F1C1A3003A798F /* Main.storyboard in Resources */ = {isa = PBXBuildFile; fileRef = 6B91ACE824F1C1A3003A798F /* Main.storyboard */; };
		6B91ACEC24F1C1B9003A798F /* MainViewController.swift in Sources */ = {isa = PBXBuildFile; fileRef = 6B91ACEB24F1C1B9003A798F /* MainViewController.swift */; };
		6B91ACEE24F1C651003A798F /* LaunchScreen.storyboard in Resources */ = {isa = PBXBuildFile; fileRef = 6B91ACED24F1C651003A798F /* LaunchScreen.storyboard */; };
		6B91ACF024F1CB7E003A798F /* BoardSquareButton.swift in Sources */ = {isa = PBXBuildFile; fileRef = 6B91ACEF24F1CB7E003A798F /* BoardSquareButton.swift */; };
		6BB8CBD125CD8C0100144138 /* Records.storyboard in Resources */ = {isa = PBXBuildFile; fileRef = 6BB8CBD025CD8C0100144138 /* Records.storyboard */; };
		6BB8CBDB25CD8E1400144138 /* RecordsViewController.swift in Sources */ = {isa = PBXBuildFile; fileRef = 6BB8CBDA25CD8E1400144138 /* RecordsViewController.swift */; };
		6BB8CBDF25CD90F000144138 /* RecordCell.swift in Sources */ = {isa = PBXBuildFile; fileRef = 6BB8CBDD25CD90F000144138 /* RecordCell.swift */; };
		6BB8CBE025CD90F000144138 /* RecordCell.xib in Resources */ = {isa = PBXBuildFile; fileRef = 6BB8CBDE25CD90F000144138 /* RecordCell.xib */; };
/* End PBXBuildFile section */

/* Begin PBXFileReference section */
		6B17BB8D24F8870A000C268D /* Game.storyboard */ = {isa = PBXFileReference; fileEncoding = 4; lastKnownFileType = file.storyboard; path = Game.storyboard; sourceTree = "<group>"; };
		6B17BB8F24F8914B000C268D /* DifficultyPicker.storyboard */ = {isa = PBXFileReference; lastKnownFileType = file.storyboard; path = DifficultyPicker.storyboard; sourceTree = "<group>"; };
		6B17BB9124F891A4000C268D /* DifficultyPickerViewController.swift */ = {isa = PBXFileReference; lastKnownFileType = sourcecode.swift; path = DifficultyPickerViewController.swift; sourceTree = "<group>"; };
		6B3699E92500754000A68F94 /* String.swift */ = {isa = PBXFileReference; lastKnownFileType = sourcecode.swift; path = String.swift; sourceTree = "<group>"; };
		6B4726F324FDED7D00E4D26B /* DifficultyManager.swift */ = {isa = PBXFileReference; lastKnownFileType = sourcecode.swift; path = DifficultyManager.swift; sourceTree = "<group>"; };
		6B4BED6225CD990500C746C8 /* UICollectionViewCell.swift */ = {isa = PBXFileReference; lastKnownFileType = sourcecode.swift; path = UICollectionViewCell.swift; sourceTree = "<group>"; };
		6B7614AA25BFA4C800CA6575 /* NSObject.swift */ = {isa = PBXFileReference; lastKnownFileType = sourcecode.swift; path = NSObject.swift; sourceTree = "<group>"; };
		6B91ACBD24F19E6A003A798F /* Minesweeper.app */ = {isa = PBXFileReference; explicitFileType = wrapper.application; includeInIndex = 0; path = Minesweeper.app; sourceTree = BUILT_PRODUCTS_DIR; };
		6B91ACC024F19E6A003A798F /* AppDelegate.swift */ = {isa = PBXFileReference; lastKnownFileType = sourcecode.swift; path = AppDelegate.swift; sourceTree = "<group>"; };
		6B91ACC424F19E6A003A798F /* GameViewController.swift */ = {isa = PBXFileReference; lastKnownFileType = sourcecode.swift; path = GameViewController.swift; sourceTree = "<group>"; };
		6B91ACC924F19E6A003A798F /* Assets.xcassets */ = {isa = PBXFileReference; lastKnownFileType = folder.assetcatalog; path = Assets.xcassets; sourceTree = "<group>"; };
		6B91ACCE24F19E6A003A798F /* Info.plist */ = {isa = PBXFileReference; lastKnownFileType = text.plist.xml; path = Info.plist; sourceTree = "<group>"; };
		6B91ACDA24F1A3E0003A798F /* UIView.swift */ = {isa = PBXFileReference; lastKnownFileType = sourcecode.swift; path = UIView.swift; sourceTree = "<group>"; };
		6B91ACDC24F1A846003A798F /* Game.swift */ = {isa = PBXFileReference; lastKnownFileType = sourcecode.swift; path = Game.swift; sourceTree = "<group>"; };
		6B91ACDE24F1B75B003A798F /* Board.swift */ = {isa = PBXFileReference; lastKnownFileType = sourcecode.swift; path = Board.swift; sourceTree = "<group>"; };
		6B91ACE024F1B94A003A798F /* Record.swift */ = {isa = PBXFileReference; lastKnownFileType = sourcecode.swift; path = Record.swift; sourceTree = "<group>"; };
		6B91ACE524F1BD3F003A798F /* BoardView.swift */ = {isa = PBXFileReference; lastKnownFileType = sourcecode.swift; path = BoardView.swift; sourceTree = "<group>"; };
		6B91ACE824F1C1A3003A798F /* Main.storyboard */ = {isa = PBXFileReference; lastKnownFileType = file.storyboard; path = Main.storyboard; sourceTree = "<group>"; };
		6B91ACEB24F1C1B9003A798F /* MainViewController.swift */ = {isa = PBXFileReference; lastKnownFileType = sourcecode.swift; path = MainViewController.swift; sourceTree = "<group>"; };
		6B91ACED24F1C651003A798F /* LaunchScreen.storyboard */ = {isa = PBXFileReference; lastKnownFileType = file.storyboard; path = LaunchScreen.storyboard; sourceTree = "<group>"; };
		6B91ACEF24F1CB7E003A798F /* BoardSquareButton.swift */ = {isa = PBXFileReference; lastKnownFileType = sourcecode.swift; path = BoardSquareButton.swift; sourceTree = "<group>"; };
		6BB8CBD025CD8C0100144138 /* Records.storyboard */ = {isa = PBXFileReference; lastKnownFileType = file.storyboard; path = Records.storyboard; sourceTree = "<group>"; };
		6BB8CBDA25CD8E1400144138 /* RecordsViewController.swift */ = {isa = PBXFileReference; lastKnownFileType = sourcecode.swift; path = RecordsViewController.swift; sourceTree = "<group>"; };
		6BB8CBDD25CD90F000144138 /* RecordCell.swift */ = {isa = PBXFileReference; lastKnownFileType = sourcecode.swift; path = RecordCell.swift; sourceTree = "<group>"; };
		6BB8CBDE25CD90F000144138 /* RecordCell.xib */ = {isa = PBXFileReference; lastKnownFileType = file.xib; path = RecordCell.xib; sourceTree = "<group>"; };
/* End PBXFileReference section */

/* Begin PBXFrameworksBuildPhase section */
		6B91ACBA24F19E6A003A798F /* Frameworks */ = {
			isa = PBXFrameworksBuildPhase;
			buildActionMask = 2147483647;
			files = (
			);
			runOnlyForDeploymentPostprocessing = 0;
		};
/* End PBXFrameworksBuildPhase section */

/* Begin PBXGroup section */
		6B4726F624FDF71D00E4D26B /* Manager */ = {
			isa = PBXGroup;
			children = (
				6B4726F324FDED7D00E4D26B /* DifficultyManager.swift */,
			);
			path = Manager;
			sourceTree = "<group>";
		};
		6B91ACB424F19E6A003A798F = {
			isa = PBXGroup;
			children = (
				6B91ACBF24F19E6A003A798F /* Minesweeper */,
				6B91ACBE24F19E6A003A798F /* Products */,
			);
			sourceTree = "<group>";
		};
		6B91ACBE24F19E6A003A798F /* Products */ = {
			isa = PBXGroup;
			children = (
				6B91ACBD24F19E6A003A798F /* Minesweeper.app */,
			);
			name = Products;
			sourceTree = "<group>";
		};
		6B91ACBF24F19E6A003A798F /* Minesweeper */ = {
			isa = PBXGroup;
			children = (
				6B91ACC024F19E6A003A798F /* AppDelegate.swift */,
				6B91ACED24F1C651003A798F /* LaunchScreen.storyboard */,
				6B91ACC924F19E6A003A798F /* Assets.xcassets */,
				6B91ACCE24F19E6A003A798F /* Info.plist */,
				6B91ACD524F1A2EE003A798F /* Backend */,
				6B91ACD424F1A2E5003A798F /* Frontend */,
			);
			path = Minesweeper;
			sourceTree = "<group>";
		};
		6B91ACD424F1A2E5003A798F /* Frontend */ = {
			isa = PBXGroup;
			children = (
				6B91ACD724F1A322003A798F /* Game */,
				6B91ACE724F1C18A003A798F /* Main */,
				6BB8CBCF25CD8BEA00144138 /* Records */,
			);
			path = Frontend;
			sourceTree = "<group>";
		};
		6B91ACD524F1A2EE003A798F /* Backend */ = {
			isa = PBXGroup;
			children = (
				6B91ACDE24F1B75B003A798F /* Board.swift */,
				6B91ACDC24F1A846003A798F /* Game.swift */,
				6B91ACE024F1B94A003A798F /* Record.swift */,
				6B91ACD924F1A3CF003A798F /* Extension */,
				6B4726F624FDF71D00E4D26B /* Manager */,
			);
			path = Backend;
			sourceTree = "<group>";
		};
		6B91ACD724F1A322003A798F /* Game */ = {
			isa = PBXGroup;
			children = (
				6B17BB8D24F8870A000C268D /* Game.storyboard */,
				6B17BB8F24F8914B000C268D /* DifficultyPicker.storyboard */,
				6B91ACD824F1A328003A798F /* Controller */,
				6B91ACE424F1BD26003A798F /* View */,
			);
			path = Game;
			sourceTree = "<group>";
		};
		6B91ACD824F1A328003A798F /* Controller */ = {
			isa = PBXGroup;
			children = (
				6B91ACC424F19E6A003A798F /* GameViewController.swift */,
				6B17BB9124F891A4000C268D /* DifficultyPickerViewController.swift */,
			);
			path = Controller;
			sourceTree = "<group>";
		};
		6B91ACD924F1A3CF003A798F /* Extension */ = {
			isa = PBXGroup;
			children = (
				6B7614AA25BFA4C800CA6575 /* NSObject.swift */,
				6B3699E92500754000A68F94 /* String.swift */,
				6B4BED6225CD990500C746C8 /* UICollectionViewCell.swift */,
				6B91ACDA24F1A3E0003A798F /* UIView.swift */,
			);
			path = Extension;
			sourceTree = "<group>";
		};
		6B91ACE424F1BD26003A798F /* View */ = {
			isa = PBXGroup;
			children = (
				6B91ACE524F1BD3F003A798F /* BoardView.swift */,
				6B91ACEF24F1CB7E003A798F /* BoardSquareButton.swift */,
			);
			path = View;
			sourceTree = "<group>";
		};
		6B91ACE724F1C18A003A798F /* Main */ = {
			isa = PBXGroup;
			children = (
				6B91ACE824F1C1A3003A798F /* Main.storyboard */,
				6B91ACEA24F1C1AA003A798F /* Controller */,
			);
			path = Main;
			sourceTree = "<group>";
		};
		6B91ACEA24F1C1AA003A798F /* Controller */ = {
			isa = PBXGroup;
			children = (
				6B91ACEB24F1C1B9003A798F /* MainViewController.swift */,
			);
			path = Controller;
			sourceTree = "<group>";
		};
		6BB8CBCF25CD8BEA00144138 /* Records */ = {
			isa = PBXGroup;
			children = (
				6BB8CBD025CD8C0100144138 /* Records.storyboard */,
				6BB8CBD425CD8DBC00144138 /* Adapter */,
				6BB8CBD525CD8DC300144138 /* Cell */,
				6BB8CBD325CD8DA000144138 /* Controller */,
			);
			path = Records;
			sourceTree = "<group>";
		};
		6BB8CBD325CD8DA000144138 /* Controller */ = {
			isa = PBXGroup;
			children = (
				6BB8CBDA25CD8E1400144138 /* RecordsViewController.swift */,
			);
			path = Controller;
			sourceTree = "<group>";
		};
		6BB8CBD425CD8DBC00144138 /* Adapter */ = {
			isa = PBXGroup;
			children = (
			);
			path = Adapter;
			sourceTree = "<group>";
		};
		6BB8CBD525CD8DC300144138 /* Cell */ = {
			isa = PBXGroup;
			children = (
				6BB8CBDD25CD90F000144138 /* RecordCell.swift */,
				6BB8CBDE25CD90F000144138 /* RecordCell.xib */,
			);
			path = Cell;
			sourceTree = "<group>";
		};
/* End PBXGroup section */

/* Begin PBXNativeTarget section */
		6B91ACBC24F19E6A003A798F /* Minesweeper */ = {
			isa = PBXNativeTarget;
			buildConfigurationList = 6B91ACD124F19E6A003A798F /* Build configuration list for PBXNativeTarget "Minesweeper" */;
			buildPhases = (
				6B91ACB924F19E6A003A798F /* Sources */,
				6B91ACBA24F19E6A003A798F /* Frameworks */,
				6B91ACBB24F19E6A003A798F /* Resources */,
			);
			buildRules = (
			);
			dependencies = (
			);
			name = Minesweeper;
			productName = Minesweeper;
			productReference = 6B91ACBD24F19E6A003A798F /* Minesweeper.app */;
			productType = "com.apple.product-type.application";
		};
/* End PBXNativeTarget section */

/* Begin PBXProject section */
		6B91ACB524F19E6A003A798F /* Project object */ = {
			isa = PBXProject;
			attributes = {
				LastSwiftUpdateCheck = 1160;
				LastUpgradeCheck = 1160;
				ORGANIZATIONNAME = "Maria Eduarda Porto";
				TargetAttributes = {
					6B91ACBC24F19E6A003A798F = {
						CreatedOnToolsVersion = 11.6;
					};
				};
			};
			buildConfigurationList = 6B91ACB824F19E6A003A798F /* Build configuration list for PBXProject "Minesweeper" */;
			compatibilityVersion = "Xcode 9.3";
			developmentRegion = en;
			hasScannedForEncodings = 0;
			knownRegions = (
				en,
				Base,
			);
			mainGroup = 6B91ACB424F19E6A003A798F;
			productRefGroup = 6B91ACBE24F19E6A003A798F /* Products */;
			projectDirPath = "";
			projectRoot = "";
			targets = (
				6B91ACBC24F19E6A003A798F /* Minesweeper */,
			);
		};
/* End PBXProject section */

/* Begin PBXResourcesBuildPhase section */
		6B91ACBB24F19E6A003A798F /* Resources */ = {
			isa = PBXResourcesBuildPhase;
			buildActionMask = 2147483647;
			files = (
				6B91ACE924F1C1A3003A798F /* Main.storyboard in Resources */,
				6BB8CBD125CD8C0100144138 /* Records.storyboard in Resources */,
				6B17BB9024F8914B000C268D /* DifficultyPicker.storyboard in Resources */,
				6B91ACEE24F1C651003A798F /* LaunchScreen.storyboard in Resources */,
				6B91ACCA24F19E6A003A798F /* Assets.xcassets in Resources */,
				6B17BB8E24F8870A000C268D /* Game.storyboard in Resources */,
				6BB8CBE025CD90F000144138 /* RecordCell.xib in Resources */,
			);
			runOnlyForDeploymentPostprocessing = 0;
		};
/* End PBXResourcesBuildPhase section */

/* Begin PBXSourcesBuildPhase section */
		6B91ACB924F19E6A003A798F /* Sources */ = {
			isa = PBXSourcesBuildPhase;
			buildActionMask = 2147483647;
			files = (
				6B91ACC524F19E6A003A798F /* GameViewController.swift in Sources */,
				6BB8CBDB25CD8E1400144138 /* RecordsViewController.swift in Sources */,
				6B4726F424FDED7D00E4D26B /* DifficultyManager.swift in Sources */,
				6B91ACF024F1CB7E003A798F /* BoardSquareButton.swift in Sources */,
				6BB8CBDF25CD90F000144138 /* RecordCell.swift in Sources */,
				6B7614AB25BFA4C800CA6575 /* NSObject.swift in Sources */,
				6B91ACDB24F1A3E0003A798F /* UIView.swift in Sources */,
				6B17BB9224F891A4000C268D /* DifficultyPickerViewController.swift in Sources */,
				6B91ACE124F1B94A003A798F /* Record.swift in Sources */,
				6B3699EA2500754000A68F94 /* String.swift in Sources */,
				6B4BED6325CD990500C746C8 /* UICollectionViewCell.swift in Sources */,
				6B91ACDF24F1B75B003A798F /* Board.swift in Sources */,
				6B91ACE624F1BD3F003A798F /* BoardView.swift in Sources */,
				6B91ACEC24F1C1B9003A798F /* MainViewController.swift in Sources */,
				6B91ACC124F19E6A003A798F /* AppDelegate.swift in Sources */,
				6B91ACDD24F1A846003A798F /* Game.swift in Sources */,
			);
			runOnlyForDeploymentPostprocessing = 0;
		};
/* End PBXSourcesBuildPhase section */

/* Begin XCBuildConfiguration section */
		6B91ACCF24F19E6A003A798F /* Debug */ = {
			isa = XCBuildConfiguration;
			buildSettings = {
				ALWAYS_SEARCH_USER_PATHS = NO;
				CLANG_ANALYZER_NONNULL = YES;
				CLANG_ANALYZER_NUMBER_OBJECT_CONVERSION = YES_AGGRESSIVE;
				CLANG_CXX_LANGUAGE_STANDARD = "gnu++14";
				CLANG_CXX_LIBRARY = "libc++";
				CLANG_ENABLE_MODULES = YES;
				CLANG_ENABLE_OBJC_ARC = YES;
				CLANG_ENABLE_OBJC_WEAK = YES;
				CLANG_WARN_BLOCK_CAPTURE_AUTORELEASING = YES;
				CLANG_WARN_BOOL_CONVERSION = YES;
				CLANG_WARN_COMMA = YES;
				CLANG_WARN_CONSTANT_CONVERSION = YES;
				CLANG_WARN_DEPRECATED_OBJC_IMPLEMENTATIONS = YES;
				CLANG_WARN_DIRECT_OBJC_ISA_USAGE = YES_ERROR;
				CLANG_WARN_DOCUMENTATION_COMMENTS = YES;
				CLANG_WARN_EMPTY_BODY = YES;
				CLANG_WARN_ENUM_CONVERSION = YES;
				CLANG_WARN_INFINITE_RECURSION = YES;
				CLANG_WARN_INT_CONVERSION = YES;
				CLANG_WARN_NON_LITERAL_NULL_CONVERSION = YES;
				CLANG_WARN_OBJC_IMPLICIT_RETAIN_SELF = YES;
				CLANG_WARN_OBJC_LITERAL_CONVERSION = YES;
				CLANG_WARN_OBJC_ROOT_CLASS = YES_ERROR;
				CLANG_WARN_RANGE_LOOP_ANALYSIS = YES;
				CLANG_WARN_STRICT_PROTOTYPES = YES;
				CLANG_WARN_SUSPICIOUS_MOVE = YES;
				CLANG_WARN_UNGUARDED_AVAILABILITY = YES_AGGRESSIVE;
				CLANG_WARN_UNREACHABLE_CODE = YES;
				CLANG_WARN__DUPLICATE_METHOD_MATCH = YES;
				COPY_PHASE_STRIP = NO;
				DEBUG_INFORMATION_FORMAT = dwarf;
				ENABLE_STRICT_OBJC_MSGSEND = YES;
				ENABLE_TESTABILITY = YES;
				GCC_C_LANGUAGE_STANDARD = gnu11;
				GCC_DYNAMIC_NO_PIC = NO;
				GCC_NO_COMMON_BLOCKS = YES;
				GCC_OPTIMIZATION_LEVEL = 0;
				GCC_PREPROCESSOR_DEFINITIONS = (
					"DEBUG=1",
					"$(inherited)",
				);
				GCC_WARN_64_TO_32_BIT_CONVERSION = YES;
				GCC_WARN_ABOUT_RETURN_TYPE = YES_ERROR;
				GCC_WARN_UNDECLARED_SELECTOR = YES;
				GCC_WARN_UNINITIALIZED_AUTOS = YES_AGGRESSIVE;
				GCC_WARN_UNUSED_FUNCTION = YES;
				GCC_WARN_UNUSED_VARIABLE = YES;
				IPHONEOS_DEPLOYMENT_TARGET = 13.0;
				MTL_ENABLE_DEBUG_INFO = INCLUDE_SOURCE;
				MTL_FAST_MATH = YES;
				ONLY_ACTIVE_ARCH = YES;
				SDKROOT = iphoneos;
				SWIFT_ACTIVE_COMPILATION_CONDITIONS = DEBUG;
				SWIFT_OPTIMIZATION_LEVEL = "-Onone";
			};
			name = Debug;
		};
		6B91ACD024F19E6A003A798F /* Release */ = {
			isa = XCBuildConfiguration;
			buildSettings = {
				ALWAYS_SEARCH_USER_PATHS = NO;
				CLANG_ANALYZER_NONNULL = YES;
				CLANG_ANALYZER_NUMBER_OBJECT_CONVERSION = YES_AGGRESSIVE;
				CLANG_CXX_LANGUAGE_STANDARD = "gnu++14";
				CLANG_CXX_LIBRARY = "libc++";
				CLANG_ENABLE_MODULES = YES;
				CLANG_ENABLE_OBJC_ARC = YES;
				CLANG_ENABLE_OBJC_WEAK = YES;
				CLANG_WARN_BLOCK_CAPTURE_AUTORELEASING = YES;
				CLANG_WARN_BOOL_CONVERSION = YES;
				CLANG_WARN_COMMA = YES;
				CLANG_WARN_CONSTANT_CONVERSION = YES;
				CLANG_WARN_DEPRECATED_OBJC_IMPLEMENTATIONS = YES;
				CLANG_WARN_DIRECT_OBJC_ISA_USAGE = YES_ERROR;
				CLANG_WARN_DOCUMENTATION_COMMENTS = YES;
				CLANG_WARN_EMPTY_BODY = YES;
				CLANG_WARN_ENUM_CONVERSION = YES;
				CLANG_WARN_INFINITE_RECURSION = YES;
				CLANG_WARN_INT_CONVERSION = YES;
				CLANG_WARN_NON_LITERAL_NULL_CONVERSION = YES;
				CLANG_WARN_OBJC_IMPLICIT_RETAIN_SELF = YES;
				CLANG_WARN_OBJC_LITERAL_CONVERSION = YES;
				CLANG_WARN_OBJC_ROOT_CLASS = YES_ERROR;
				CLANG_WARN_RANGE_LOOP_ANALYSIS = YES;
				CLANG_WARN_STRICT_PROTOTYPES = YES;
				CLANG_WARN_SUSPICIOUS_MOVE = YES;
				CLANG_WARN_UNGUARDED_AVAILABILITY = YES_AGGRESSIVE;
				CLANG_WARN_UNREACHABLE_CODE = YES;
				CLANG_WARN__DUPLICATE_METHOD_MATCH = YES;
				COPY_PHASE_STRIP = NO;
				DEBUG_INFORMATION_FORMAT = "dwarf-with-dsym";
				ENABLE_NS_ASSERTIONS = NO;
				ENABLE_STRICT_OBJC_MSGSEND = YES;
				GCC_C_LANGUAGE_STANDARD = gnu11;
				GCC_NO_COMMON_BLOCKS = YES;
				GCC_WARN_64_TO_32_BIT_CONVERSION = YES;
				GCC_WARN_ABOUT_RETURN_TYPE = YES_ERROR;
				GCC_WARN_UNDECLARED_SELECTOR = YES;
				GCC_WARN_UNINITIALIZED_AUTOS = YES_AGGRESSIVE;
				GCC_WARN_UNUSED_FUNCTION = YES;
				GCC_WARN_UNUSED_VARIABLE = YES;
				IPHONEOS_DEPLOYMENT_TARGET = 13.0;
				MTL_ENABLE_DEBUG_INFO = NO;
				MTL_FAST_MATH = YES;
				SDKROOT = iphoneos;
				SWIFT_COMPILATION_MODE = wholemodule;
				SWIFT_OPTIMIZATION_LEVEL = "-O";
				VALIDATE_PRODUCT = YES;
			};
			name = Release;
		};
		6B91ACD224F19E6A003A798F /* Debug */ = {
			isa = XCBuildConfiguration;
			buildSettings = {
				ASSETCATALOG_COMPILER_APPICON_NAME = AppIcon;
				CODE_SIGN_STYLE = Automatic;
				DEVELOPMENT_TEAM = K4PL34LUQ5;
				INFOPLIST_FILE = Minesweeper/Info.plist;
				IPHONEOS_DEPLOYMENT_TARGET = 13.0;
				LD_RUNPATH_SEARCH_PATHS = (
					"$(inherited)",
					"@executable_path/Frameworks",
				);
				PRODUCT_BUNDLE_IDENTIFIER = com.dudaporto.Minesweeper;
				PRODUCT_NAME = "$(TARGET_NAME)";
				SWIFT_VERSION = 5.0;
				TARGETED_DEVICE_FAMILY = "1,2";
			};
			name = Debug;
		};
		6B91ACD324F19E6A003A798F /* Release */ = {
			isa = XCBuildConfiguration;
			buildSettings = {
				ASSETCATALOG_COMPILER_APPICON_NAME = AppIcon;
				CODE_SIGN_STYLE = Automatic;
				DEVELOPMENT_TEAM = K4PL34LUQ5;
				INFOPLIST_FILE = Minesweeper/Info.plist;
				IPHONEOS_DEPLOYMENT_TARGET = 13.0;
				LD_RUNPATH_SEARCH_PATHS = (
					"$(inherited)",
					"@executable_path/Frameworks",
				);
				PRODUCT_BUNDLE_IDENTIFIER = com.dudaporto.Minesweeper;
				PRODUCT_NAME = "$(TARGET_NAME)";
				SWIFT_VERSION = 5.0;
				TARGETED_DEVICE_FAMILY = "1,2";
			};
			name = Release;
		};
/* End XCBuildConfiguration section */

/* Begin XCConfigurationList section */
		6B91ACB824F19E6A003A798F /* Build configuration list for PBXProject "Minesweeper" */ = {
			isa = XCConfigurationList;
			buildConfigurations = (
				6B91ACCF24F19E6A003A798F /* Debug */,
				6B91ACD024F19E6A003A798F /* Release */,
			);
			defaultConfigurationIsVisible = 0;
			defaultConfigurationName = Release;
		};
		6B91ACD124F19E6A003A798F /* Build configuration list for PBXNativeTarget "Minesweeper" */ = {
			isa = XCConfigurationList;
			buildConfigurations = (
				6B91ACD224F19E6A003A798F /* Debug */,
				6B91ACD324F19E6A003A798F /* Release */,
			);
			defaultConfigurationIsVisible = 0;
			defaultConfigurationName = Release;
		};
/* End XCConfigurationList section */
	};
	rootObject = 6B91ACB524F19E6A003A798F /* Project object */;
}
